
Microsoft Visual Studio Solution File, Format Version 12.00
# Visual Studio Version 17
VisualStudioVersion = 17.14.37216.2
MinimumVisualStudioVersion = 10.0.40219.1
Project("{FAE04EC0-301F-11D3-BF4B-00C04F79EFBC}") = "HairSalonVN.API", "HairSalonVN.API\HairSalonVN.API.csproj", "{87214823-FD29-43EC-9FFF-5671AA58630E}"
EndProject
Project("{FAE04EC0-301F-11D3-BF4B-00C04F79EFBC}") = "HairSalonVN.Web", "HairSalonVN.Web\HairSalonVN.Web.csproj", "{64C09634-6AD9-4367-B129-D4550F89C8AA}"
EndProject
Project("{FAE04EC0-301F-11D3-BF4B-00C04F79EFBC}") = "HairSalonVN.Database", "HairSalonVN.Database\HairSalonVN.Database.csproj", "{AF7B8D90-8A7C-4AC9-87AC-19A94AFD5B6C}"
EndProject
Global
	GlobalSection(SolutionConfigurationPlatforms) = preSolution
		Debug|Any CPU = Debug|Any CPU
		Debug|x64 = Debug|x64
		Debug|x86 = Debug|x86
		Release|Any CPU = Release|Any CPU
		Release|x64 = Release|x64
		Release|x86 = Release|x86
	EndGlobalSection
	GlobalSection(ProjectConfigurationPlatforms) = postSolution
		{87214823-FD29-43EC-9FFF-5671AA58630E}.Debug|Any CPU.ActiveCfg = Debug|Any CPU
		{87214823-FD29-43EC-9FFF-5671AA58630E}.Debug|Any CPU.Build.0 = Debug|Any CPU
		{87214823-FD29-43EC-9FFF-5671AA58630E}.Debug|x64.ActiveCfg = Debug|Any CPU
		{87214823-FD29-43EC-9FFF-5671AA58630E}.Debug|x64.Build.0 = Debug|Any CPU
		{87214823-FD29-43EC-9FFF-5671AA58630E}.Debug|x86.ActiveCfg = Debug|Any CPU
		{87214823-FD29-43EC-9FFF-5671AA58630E}.Debug|x86.Build.0 = Debug|Any CPU
		{87214823-FD29-43EC-9FFF-5671AA58630E}.Release|Any CPU.ActiveCfg = Release|Any CPU
		{87214823-FD29-43EC-9FFF-5671AA58630E}.Release|Any CPU.Build.0 = Release|Any CPU
		{87214823-FD29-43EC-9FFF-5671AA58630E}.Release|x64.ActiveCfg = Release|Any CPU
		{87214823-FD29-43EC-9FFF-5671AA58630E}.Release|x64.Build.0 = Release|Any CPU
		{87214823-FD29-43EC-9FFF-5671AA58630E}.Release|x86.ActiveCfg = Release|Any CPU
		{87214823-FD29-43EC-9FFF-5671AA58630E}.Release|x86.Build.0 = Release|Any CPU
		{64C09634-6AD9-4367-B129-D4550F89C8AA}.Debug|Any CPU.ActiveCfg = Debug|Any CPU
		{64C09634-6AD9-4367-B129-D4550F89C8AA}.Debug|Any CPU.Build.0 = Debug|Any CPU
		{64C09634-6AD9-4367-B129-D4550F89C8AA}.Debug|x64.ActiveCfg = Debug|Any CPU
		{64C09634-6AD9-4367-B129-D4550F89C8AA}.Debug|x64.Build.0 = Debug|Any CPU
		{64C09634-6AD9-4367-B129-D4550F89C8AA}.Debug|x86.ActiveCfg = Debug|Any CPU
		{64C09634-6AD9-4367-B129-D4550F89C8AA}.Debug|x86.Build.0 = Debug|Any CPU
		{64C09634-6AD9-4367-B129-D4550F89C8AA}.Release|Any CPU.ActiveCfg = Release|Any CPU
		{64C09634-6AD9-4367-B129-D4550F89C8AA}.Release|Any CPU.Build.0 = Release|Any CPU
		{64C09634-6AD9-4367-B129-D4550F89C8AA}.Release|x64.ActiveCfg = Release|Any CPU
		{64C09634-6AD9-4367-B129-D4550F89C8AA}.Release|x64.Build.0 = Release|Any CPU
		{64C09634-6AD9-4367-B129-D4550F89C8AA}.Release|x86.ActiveCfg = Release|Any CPU
		{64C09634-6AD9-4367-B129-D4550F89C8AA}.Release|x86.Build.0 = Release|Any CPU
		{AF7B8D90-8A7C-4AC9-87AC-19A94AFD5B6C}.Debug|Any CPU.ActiveCfg = Debug|Any CPU
		{AF7B8D90-8A7C-4AC9-87AC-19A94AFD5B6C}.Debug|Any CPU.Build.0 = Debug|Any CPU
		{AF7B8D90-8A7C-4AC9-87AC-19A94AFD5B6C}.Debug|x64.ActiveCfg = Debug|Any CPU
		{AF7B8D90-8A7C-4AC9-87AC-19A94AFD5B6C}.Debug|x64.Build.0 = Debug|Any CPU
		{AF7B8D90-8A7C-4AC9-87AC-19A94AFD5B6C}.Debug|x86.ActiveCfg = Debug|Any CPU
		{AF7B8D90-8A7C-4AC9-87AC-19A94AFD5B6C}.Debug|x86.Build.0 = Debug|Any CPU
		{AF7B8D90-8A7C-4AC9-87AC-19A94AFD5B6C}.Release|Any CPU.ActiveCfg = Release|Any CPU
		{AF7B8D90-8A7C-4AC9-87AC-19A94AFD5B6C}.Release|Any CPU.Build.0 = Release|Any CPU
		{AF7B8D90-8A7C-4AC9-87AC-19A94AFD5B6C}.Release|x64.ActiveCfg = Release|Any CPU
		{AF7B8D90-8A7C-4AC9-87AC-19A94AFD5B6C}.Release|x64.Build.0 = Release|Any CPU
		{AF7B8D90-8A7C-4AC9-87AC-19A94AFD5B6C}.Release|x86.ActiveCfg = Release|Any CPU
		{AF7B8D90-8A7C-4AC9-87AC-19A94AFD5B6C}.Release|x86.Build.0 = Release|Any CPU
	EndGlobalSection
	GlobalSection(SolutionProperties) = preSolution
		HideSolutionNode = FALSE
	EndGlobalSection
	GlobalSection(ExtensibilityGlobals) = postSolution
		SolutionGuid = {26B70369-1F99-4652-A82F-CF540F3D04D1}
	EndGlobalSection
EndGlobal
